
Microsoft Visual Studio Solution File, Format Version 12.00
# Visual Studio Version 17
VisualStudioVersion = 17.2.32526.322
MinimumVisualStudioVersion = 10.0.40219.1
Project("{FAE04EC0-301F-11D3-BF4B-00C04F79EFBC}") = "7-OOP2", "7-OOP2\7-OOP2.csproj", "{FF214ABE-7FFD-42D9-ACF3-CF3E21936C5B}"
EndProject
Global
	GlobalSection(SolutionConfigurationPlatforms) = preSolution
		Debug|Any CPU = Debug|Any CPU
		Release|Any CPU = Release|Any CPU
	EndGlobalSection
	GlobalSection(ProjectConfigurationPlatforms) = postSolution
		{FF214ABE-7FFD-42D9-ACF3-CF3E21936C5B}.Debug|Any CPU.ActiveCfg = Debug|Any CPU
		{FF214ABE-7FFD-42D9-ACF3-CF3E21936C5B}.Debug|Any CPU.Build.0 = Debug|Any CPU
		{FF214ABE-7FFD-42D9-ACF3-CF3E21936C5B}.Release|Any CPU.ActiveCfg = Release|Any CPU
		{FF214ABE-7FFD-42D9-ACF3-CF3E21936C5B}.Release|Any CPU.Build.0 = Release|Any CPU
	EndGlobalSection
	GlobalSection(SolutionProperties) = preSolution
		HideSolutionNode = FALSE
	EndGlobalSection
	GlobalSection(ExtensibilityGlobals) = postSolution
		SolutionGuid = {ECA81CED-EA4B-4A9C-B256-F6658A4BE4E3}
	EndGlobalSection
EndGlobal
